{
  "name": "postman-api-projects",
  "lockfileVersion": 3,
  "requires": true,
  "packages": {
    "": {
      "dependencies": {
        "reporter": "^0.1.0"
      }
    },
    "node_modules/reporter": {
      "version": "0.1.0",
      "resolved": "https://registry.npmjs.org/reporter/-/reporter-0.1.0.tgz",
      "integrity": "sha512-pkbc7H/kfEym5agb+C7EZvb4yEFWe+dqktCLmKzCzRO6DzH2FDmSyM0nZnxY/sXlEcRB2cid765ivzfgezABSw==",
      "license": "MIT",
      "dependencies": {
        "underscore": "^1"
      }
    },
    "node_modules/underscore": {
      "version": "1.13.7",
      "resolved": "https://registry.npmjs.org/underscore/-/underscore-1.13.7.tgz",
      "integrity": "sha512-GMXzWtsc57XAtguZgaQViUOzs0KTkk8ojr3/xAxXLITqf/3EMwxC0inyETfDFjH/Krbhuep0HNbbjI9i/q3F3g==",
      "license": "MIT"
    }
  }
}
